PODS:
  - DropDown (2.3.13)
  - Realm (10.25.2):
    - Realm/Headers (= 10.25.2)
  - Realm/Headers (10.25.2)
  - RealmSwift (10.25.2):
    - Realm (= 10.25.2)

DEPENDENCIES:
  - DropDown
  - RealmSwift

SPEC REPOS:
  trunk:
    - DropDown
    - Realm
    - RealmSwift

SPEC CHECKSUMS:
  DropDown: 8a2116376c1981888557f72ec2ffc9a5e0e456ec
  Realm: 978303663d0509166498f423d112e5ee97d4c91b
  RealmSwift: a0c30c1efc49e928a0a6f8fb141bb2629616d79b

PODFILE CHECKSUM: 5e3130ded105eb6ee928130a193004e77f8a5a46

COCOAPODS: 1.11.3
