// !$*UTF8*$!
{
	archiveVersion = 1;
	classes = {
	};
	objectVersion = 55;
	objects = {

/* Begin PBXBuildFile section */
		250B993828BD78860036CBAF /* Launch Screen.storyboard in Resources */ = {isa = PBXBuildFile; fileRef = 250B993728BD78860036CBAF /* Launch Screen.storyboard */; };
		254C9C3F28BA5C6D005B34BC /* CurrencyTableVCExt.swift in Sources */ = {isa = PBXBuildFile; fileRef = 254C9C3E28BA5C6D005B34BC /* CurrencyTableVCExt.swift */; };
		254C9C4128BA5CEE005B34BC /* Currency.swift in Sources */ = {isa = PBXBuildFile; fileRef = 254C9C4028BA5CEE005B34BC /* Currency.swift */; };
		254C9C4328BA9B48005B34BC /* CustomCell.swift in Sources */ = {isa = PBXBuildFile; fileRef = 254C9C4228BA9B48005B34BC /* CustomCell.swift */; };
		254C9C4528BAA336005B34BC /* CalculateViewController.swift in Sources */ = {isa = PBXBuildFile; fileRef = 254C9C4428BAA336005B34BC /* CalculateViewController.swift */; };
		2555A54628BAA66C007E94DB /* Persistance.swift in Sources */ = {isa = PBXBuildFile; fileRef = 2555A54528BAA66C007E94DB /* Persistance.swift */; };
		2555A54828BAAD17007E94DB /* FavoritesVCExt.swift in Sources */ = {isa = PBXBuildFile; fileRef = 2555A54728BAAD17007E94DB /* FavoritesVCExt.swift */; };
		2555A54A28BAAD6E007E94DB /* FavoritesViewController.swift in Sources */ = {isa = PBXBuildFile; fileRef = 2555A54928BAAD6E007E94DB /* FavoritesViewController.swift */; };
		258D936628BA5B3C00333FE8 /* AppDelegate.swift in Sources */ = {isa = PBXBuildFile; fileRef = 258D936528BA5B3C00333FE8 /* AppDelegate.swift */; };
		258D936828BA5B3C00333FE8 /* SceneDelegate.swift in Sources */ = {isa = PBXBuildFile; fileRef = 258D936728BA5B3C00333FE8 /* SceneDelegate.swift */; };
		258D936A28BA5B3C00333FE8 /* CurrencyTableVC.swift in Sources */ = {isa = PBXBuildFile; fileRef = 258D936928BA5B3C00333FE8 /* CurrencyTableVC.swift */; };
		258D936D28BA5B3C00333FE8 /* Main.storyboard in Resources */ = {isa = PBXBuildFile; fileRef = 258D936B28BA5B3C00333FE8 /* Main.storyboard */; };
		258D936F28BA5B3C00333FE8 /* Assets.xcassets in Resources */ = {isa = PBXBuildFile; fileRef = 258D936E28BA5B3C00333FE8 /* Assets.xcassets */; };
		F78FBA55535A3897D2961EA3 /* Pods_Currency_Calculator.framework in Frameworks */ = {isa = PBXBuildFile; fileRef = FCE8A28CCDC68ABA97723BE4 /* Pods_Currency_Calculator.framework */; };
/* End PBXBuildFile section */

/* Begin PBXFileReference section */
		250B993728BD78860036CBAF /* Launch Screen.storyboard */ = {isa = PBXFileReference; lastKnownFileType = file.storyboard; path = "Launch Screen.storyboard"; sourceTree = "<group>"; };
		254C9C3E28BA5C6D005B34BC /* CurrencyTableVCExt.swift */ = {isa = PBXFileReference; lastKnownFileType = sourcecode.swift; path = CurrencyTableVCExt.swift; sourceTree = "<group>"; };
		254C9C4028BA5CEE005B34BC /* Currency.swift */ = {isa = PBXFileReference; lastKnownFileType = sourcecode.swift; path = Currency.swift; sourceTree = "<group>"; };
		254C9C4228BA9B48005B34BC /* CustomCell.swift */ = {isa = PBXFileReference; lastKnownFileType = sourcecode.swift; path = CustomCell.swift; sourceTree = "<group>"; };
		254C9C4428BAA336005B34BC /* CalculateViewController.swift */ = {isa = PBXFileReference; lastKnownFileType = sourcecode.swift; path = CalculateViewController.swift; sourceTree = "<group>"; };
		2555A54528BAA66C007E94DB /* Persistance.swift */ = {isa = PBXFileReference; lastKnownFileType = sourcecode.swift; path = Persistance.swift; sourceTree = "<group>"; };
		2555A54728BAAD17007E94DB /* FavoritesVCExt.swift */ = {isa = PBXFileReference; lastKnownFileType = sourcecode.swift; path = FavoritesVCExt.swift; sourceTree = "<group>"; };
		2555A54928BAAD6E007E94DB /* FavoritesViewController.swift */ = {isa = PBXFileReference; lastKnownFileType = sourcecode.swift; path = FavoritesViewController.swift; sourceTree = "<group>"; };
		258D936228BA5B3C00333FE8 /* Currency Calculator.app */ = {isa = PBXFileReference; explicitFileType = wrapper.application; includeInIndex = 0; path = "Currency Calculator.app"; sourceTree = BUILT_PRODUCTS_DIR; };
		258D936528BA5B3C00333FE8 /* AppDelegate.swift */ = {isa = PBXFileReference; lastKnownFileType = sourcecode.swift; path = AppDelegate.swift; sourceTree = "<group>"; };
		258D936728BA5B3C00333FE8 /* SceneDelegate.swift */ = {isa = PBXFileReference; lastKnownFileType = sourcecode.swift; path = SceneDelegate.swift; sourceTree = "<group>"; };
		258D936928BA5B3C00333FE8 /* CurrencyTableVC.swift */ = {isa = PBXFileReference; lastKnownFileType = sourcecode.swift; path = CurrencyTableVC.swift; sourceTree = "<group>"; };
		258D936C28BA5B3C00333FE8 /* Base */ = {isa = PBXFileReference; lastKnownFileType = file.storyboard; name = Base; path = Base.lproj/Main.storyboard; sourceTree = "<group>"; };
		258D936E28BA5B3C00333FE8 /* Assets.xcassets */ = {isa = PBXFileReference; lastKnownFileType = folder.assetcatalog; path = Assets.xcassets; sourceTree = "<group>"; };
		258D937328BA5B3C00333FE8 /* Info.plist */ = {isa = PBXFileReference; lastKnownFileType = text.plist.xml; path = Info.plist; sourceTree = "<group>"; };
		346A4C41E35C253D6A263DC6 /* Pods-Currency Calculator.debug.xcconfig */ = {isa = PBXFileReference; includeInIndex = 1; lastKnownFileType = text.xcconfig; name = "Pods-Currency Calculator.debug.xcconfig"; path = "Target Support Files/Pods-Currency Calculator/Pods-Currency Calculator.debug.xcconfig"; sourceTree = "<group>"; };
		4714DED22D3BB728B535A7E4 /* Pods-Currency Calculator.release.xcconfig */ = {isa = PBXFileReference; includeInIndex = 1; lastKnownFileType = text.xcconfig; name = "Pods-Currency Calculator.release.xcconfig"; path = "Target Support Files/Pods-Currency Calculator/Pods-Currency Calculator.release.xcconfig"; sourceTree = "<group>"; };
		FCE8A28CCDC68ABA97723BE4 /* Pods_Currency_Calculator.framework */ = {isa = PBXFileReference; explicitFileType = wrapper.framework; includeInIndex = 0; path = Pods_Currency_Calculator.framework; sourceTree = BUILT_PRODUCTS_DIR; };
/* End PBXFileReference section */

/* Begin PBXFrameworksBuildPhase section */
		258D935F28BA5B3C00333FE8 /* Frameworks */ = {
			isa = PBXFrameworksBuildPhase;
			buildActionMask = 2147483647;
			files = (
				F78FBA55535A3897D2961EA3 /* Pods_Currency_Calculator.framework in Frameworks */,
			);
			runOnlyForDeploymentPostprocessing = 0;
		};
/* End PBXFrameworksBuildPhase section */

/* Begin PBXGroup section */
		254C9C3D28BA5C60005B34BC /* Extensions */ = {
			isa = PBXGroup;
			children = (
				254C9C3E28BA5C6D005B34BC /* CurrencyTableVCExt.swift */,
				2555A54728BAAD17007E94DB /* FavoritesVCExt.swift */,
			);
			path = Extensions;
			sourceTree = "<group>";
		};
		2555A54428BAA662007E94DB /* Services */ = {
			isa = PBXGroup;
			children = (
				2555A54528BAA66C007E94DB /* Persistance.swift */,
			);
			path = Services;
			sourceTree = "<group>";
		};
		258D935928BA5B3C00333FE8 = {
			isa = PBXGroup;
			children = (
				258D936428BA5B3C00333FE8 /* Currency Calculator */,
				258D936328BA5B3C00333FE8 /* Products */,
				ABFD72E5632008043D36E4FE /* Pods */,
				95C8037895B2F3260ED63EDB /* Frameworks */,
			);
			sourceTree = "<group>";
		};
		258D936328BA5B3C00333FE8 /* Products */ = {
			isa = PBXGroup;
			children = (
				258D936228BA5B3C00333FE8 /* Currency Calculator.app */,
			);
			name = Products;
			sourceTree = "<group>";
		};
		258D936428BA5B3C00333FE8 /* Currency Calculator */ = {
			isa = PBXGroup;
			children = (
				2555A54428BAA662007E94DB /* Services */,
				254C9C3D28BA5C60005B34BC /* Extensions */,
				258D937928BA5B9300333FE8 /* Model */,
				258D937A28BA5B9900333FE8 /* View */,
				258D937B28BA5BAD00333FE8 /* Controller */,
				258D936528BA5B3C00333FE8 /* AppDelegate.swift */,
				258D936728BA5B3C00333FE8 /* SceneDelegate.swift */,
				258D936B28BA5B3C00333FE8 /* Main.storyboard */,
				250B993728BD78860036CBAF /* Launch Screen.storyboard */,
				258D936E28BA5B3C00333FE8 /* Assets.xcassets */,
				258D937328BA5B3C00333FE8 /* Info.plist */,
			);
			path = "Currency Calculator";
			sourceTree = "<group>";
		};
		258D937928BA5B9300333FE8 /* Model */ = {
			isa = PBXGroup;
			children = (
				254C9C4028BA5CEE005B34BC /* Currency.swift */,
			);
			path = Model;
			sourceTree = "<group>";
		};
		258D937A28BA5B9900333FE8 /* View */ = {
			isa = PBXGroup;
			children = (
				254C9C4228BA9B48005B34BC /* CustomCell.swift */,
			);
			path = View;
			sourceTree = "<group>";
		};
		258D937B28BA5BAD00333FE8 /* Controller */ = {
			isa = PBXGroup;
			children = (
				258D936928BA5B3C00333FE8 /* CurrencyTableVC.swift */,
				2555A54928BAAD6E007E94DB /* FavoritesViewController.swift */,
				254C9C4428BAA336005B34BC /* CalculateViewController.swift */,
			);
			path = Controller;
			sourceTree = "<group>";
		};
		95C8037895B2F3260ED63EDB /* Frameworks */ = {
			isa = PBXGroup;
			children = (
				FCE8A28CCDC68ABA97723BE4 /* Pods_Currency_Calculator.framework */,
			);
			name = Frameworks;
			sourceTree = "<group>";
		};
		ABFD72E5632008043D36E4FE /* Pods */ = {
			isa = PBXGroup;
			children = (
				346A4C41E35C253D6A263DC6 /* Pods-Currency Calculator.debug.xcconfig */,
				4714DED22D3BB728B535A7E4 /* Pods-Currency Calculator.release.xcconfig */,
			);
			path = Pods;
			sourceTree = "<group>";
		};
/* End PBXGroup section */

/* Begin PBXNativeTarget section */
		258D936128BA5B3C00333FE8 /* Currency Calculator */ = {
			isa = PBXNativeTarget;
			buildConfigurationList = 258D937628BA5B3C00333FE8 /* Build configuration list for PBXNativeTarget "Currency Calculator" */;
			buildPhases = (
				2F86CA6E822BF34EA779A704 /* [CP] Check Pods Manifest.lock */,
				258D935E28BA5B3C00333FE8 /* Sources */,
				258D935F28BA5B3C00333FE8 /* Frameworks */,
				258D936028BA5B3C00333FE8 /* Resources */,
				24F5A8204A58CAEB9C190F19 /* [CP] Embed Pods Frameworks */,
			);
			buildRules = (
			);
			dependencies = (
			);
			name = "Currency Calculator";
			productName = "Currency Calculator";
			productReference = 258D936228BA5B3C00333FE8 /* Currency Calculator.app */;
			productType = "com.apple.product-type.application";
		};
/* End PBXNativeTarget section */

/* Begin PBXProject section */
		258D935A28BA5B3C00333FE8 /* Project object */ = {
			isa = PBXProject;
			attributes = {
				BuildIndependentTargetsInParallel = 1;
				LastSwiftUpdateCheck = 1340;
				LastUpgradeCheck = 1340;
				TargetAttributes = {
					258D936128BA5B3C00333FE8 = {
						CreatedOnToolsVersion = 13.4.1;
					};
				};
			};
			buildConfigurationList = 258D935D28BA5B3C00333FE8 /* Build configuration list for PBXProject "Currency Calculator" */;
			compatibilityVersion = "Xcode 13.0";
			developmentRegion = en;
			hasScannedForEncodings = 0;
			knownRegions = (
				en,
				Base,
			);
			mainGroup = 258D935928BA5B3C00333FE8;
			productRefGroup = 258D936328BA5B3C00333FE8 /* Products */;
			projectDirPath = "";
			projectRoot = "";
			targets = (
				258D936128BA5B3C00333FE8 /* Currency Calculator */,
			);
		};
/* End PBXProject section */

/* Begin PBXResourcesBuildPhase section */
		258D936028BA5B3C00333FE8 /* Resources */ = {
			isa = PBXResourcesBuildPhase;
			buildActionMask = 2147483647;
			files = (
				250B993828BD78860036CBAF /* Launch Screen.storyboard in Resources */,
				258D936F28BA5B3C00333FE8 /* Assets.xcassets in Resources */,
				258D936D28BA5B3C00333FE8 /* Main.storyboard in Resources */,
			);
			runOnlyForDeploymentPostprocessing = 0;
		};
/* End PBXResourcesBuildPhase section */

/* Begin PBXShellScriptBuildPhase section */
		24F5A8204A58CAEB9C190F19 /* [CP] Embed Pods Frameworks */ = {
			isa = PBXShellScriptBuildPhase;
			buildActionMask = 2147483647;
			files = (
			);
			inputFileListPaths = (
				"${PODS_ROOT}/Target Support Files/Pods-Currency Calculator/Pods-Currency Calculator-frameworks-${CONFIGURATION}-input-files.xcfilelist",
			);
			name = "[CP] Embed Pods Frameworks";
			outputFileListPaths = (
				"${PODS_ROOT}/Target Support Files/Pods-Currency Calculator/Pods-Currency Calculator-frameworks-${CONFIGURATION}-output-files.xcfilelist",
			);
			runOnlyForDeploymentPostprocessing = 0;
			shellPath = /bin/sh;
			shellScript = "\"${PODS_ROOT}/Target Support Files/Pods-Currency Calculator/Pods-Currency Calculator-frameworks.sh\"\n";
			showEnvVarsInLog = 0;
		};
		2F86CA6E822BF34EA779A704 /* [CP] Check Pods Manifest.lock */ = {
			isa = PBXShellScriptBuildPhase;
			buildActionMask = 2147483647;
			files = (
			);
			inputFileListPaths = (
			);
			inputPaths = (
				"${PODS_PODFILE_DIR_PATH}/Podfile.lock",
				"${PODS_ROOT}/Manifest.lock",
			);
			name = "[CP] Check Pods Manifest.lock";
			outputFileListPaths = (
			);
			outputPaths = (
				"$(DERIVED_FILE_DIR)/Pods-Currency Calculator-checkManifestLockResult.txt",
			);
			runOnlyForDeploymentPostprocessing = 0;
			shellPath = /bin/sh;
			shellScript = "diff \"${PODS_PODFILE_DIR_PATH}/Podfile.lock\" \"${PODS_ROOT}/Manifest.lock\" > /dev/null\nif [ $? != 0 ] ; then\n    # print error to STDERR\n    echo \"error: The sandbox is not in sync with the Podfile.lock. Run 'pod install' or update your CocoaPods installation.\" >&2\n    exit 1\nfi\n# This output is used by Xcode 'outputs' to avoid re-running this script phase.\necho \"SUCCESS\" > \"${SCRIPT_OUTPUT_FILE_0}\"\n";
			showEnvVarsInLog = 0;
		};
/* End PBXShellScriptBuildPhase section */

/* Begin PBXSourcesBuildPhase section */
		258D935E28BA5B3C00333FE8 /* Sources */ = {
			isa = PBXSourcesBuildPhase;
			buildActionMask = 2147483647;
			files = (
				254C9C4528BAA336005B34BC /* CalculateViewController.swift in Sources */,
				258D936A28BA5B3C00333FE8 /* CurrencyTableVC.swift in Sources */,
				254C9C4128BA5CEE005B34BC /* Currency.swift in Sources */,
				258D936628BA5B3C00333FE8 /* AppDelegate.swift in Sources */,
				258D936828BA5B3C00333FE8 /* SceneDelegate.swift in Sources */,
				2555A54828BAAD17007E94DB /* FavoritesVCExt.swift in Sources */,
				2555A54628BAA66C007E94DB /* Persistance.swift in Sources */,
				254C9C4328BA9B48005B34BC /* CustomCell.swift in Sources */,
				2555A54A28BAAD6E007E94DB /* FavoritesViewController.swift in Sources */,
				254C9C3F28BA5C6D005B34BC /* CurrencyTableVCExt.swift in Sources */,
			);
			runOnlyForDeploymentPostprocessing = 0;
		};
/* End PBXSourcesBuildPhase section */

/* Begin PBXVariantGroup section */
		258D936B28BA5B3C00333FE8 /* Main.storyboard */ = {
			isa = PBXVariantGroup;
			children = (
				258D936C28BA5B3C00333FE8 /* Base */,
			);
			name = Main.storyboard;
			sourceTree = "<group>";
		};
/* End PBXVariantGroup section */

/* Begin XCBuildConfiguration section */
		258D937428BA5B3C00333FE8 /* Debug */ = {
			isa = XCBuildConfiguration;
			buildSettings = {
				ALWAYS_SEARCH_USER_PATHS = NO;
				CLANG_ANALYZER_NONNULL = YES;
				CLANG_ANALYZER_NUMBER_OBJECT_CONVERSION = YES_AGGRESSIVE;
				CLANG_CXX_LANGUAGE_STANDARD = "gnu++17";
				CLANG_ENABLE_MODULES = YES;
				CLANG_ENABLE_OBJC_ARC = YES;
				CLANG_ENABLE_OBJC_WEAK = YES;
				CLANG_WARN_BLOCK_CAPTURE_AUTORELEASING = YES;
				CLANG_WARN_BOOL_CONVERSION = YES;
				CLANG_WARN_COMMA = YES;
				CLANG_WARN_CONSTANT_CONVERSION = YES;
				CLANG_WARN_DEPRECATED_OBJC_IMPLEMENTATIONS = YES;
				CLANG_WARN_DIRECT_OBJC_ISA_USAGE = YES_ERROR;
				CLANG_WARN_DOCUMENTATION_COMMENTS = YES;
				CLANG_WARN_EMPTY_BODY = YES;
				CLANG_WARN_ENUM_CONVERSION = YES;
				CLANG_WARN_INFINITE_RECURSION = YES;
				CLANG_WARN_INT_CONVERSION = YES;
				CLANG_WARN_NON_LITERAL_NULL_CONVERSION = YES;
				CLANG_WARN_OBJC_IMPLICIT_RETAIN_SELF = YES;
				CLANG_WARN_OBJC_LITERAL_CONVERSION = YES;
				CLANG_WARN_OBJC_ROOT_CLASS = YES_ERROR;
				CLANG_WARN_QUOTED_INCLUDE_IN_FRAMEWORK_HEADER = YES;
				CLANG_WARN_RANGE_LOOP_ANALYSIS = YES;
				CLANG_WARN_STRICT_PROTOTYPES = YES;
				CLANG_WARN_SUSPICIOUS_MOVE = YES;
				CLANG_WARN_UNGUARDED_AVAILABILITY = YES_AGGRESSIVE;
				CLANG_WARN_UNREACHABLE_CODE = YES;
				CLANG_WARN__DUPLICATE_METHOD_MATCH = YES;
				COPY_PHASE_STRIP = NO;
				DEBUG_INFORMATION_FORMAT = dwarf;
				ENABLE_STRICT_OBJC_MSGSEND = YES;
				ENABLE_TESTABILITY = YES;
				GCC_C_LANGUAGE_STANDARD = gnu11;
				GCC_DYNAMIC_NO_PIC = NO;
				GCC_NO_COMMON_BLOCKS = YES;
				GCC_OPTIMIZATION_LEVEL = 0;
				GCC_PREPROCESSOR_DEFINITIONS = (
					"DEBUG=1",
					"$(inherited)",
				);
				GCC_WARN_64_TO_32_BIT_CONVERSION = YES;
				GCC_WARN_ABOUT_RETURN_TYPE = YES_ERROR;
				GCC_WARN_UNDECLARED_SELECTOR = YES;
				GCC_WARN_UNINITIALIZED_AUTOS = YES_AGGRESSIVE;
				GCC_WARN_UNUSED_FUNCTION = YES;
				GCC_WARN_UNUSED_VARIABLE = YES;
				IPHONEOS_DEPLOYMENT_TARGET = 15.5;
				MTL_ENABLE_DEBUG_INFO = INCLUDE_SOURCE;
				MTL_FAST_MATH = YES;
				ONLY_ACTIVE_ARCH = YES;
				SDKROOT = iphoneos;
				SWIFT_ACTIVE_COMPILATION_CONDITIONS = DEBUG;
				SWIFT_OPTIMIZATION_LEVEL = "-Onone";
			};
			name = Debug;
		};
		258D937528BA5B3C00333FE8 /* Release */ = {
			isa = XCBuildConfiguration;
			buildSettings = {
				ALWAYS_SEARCH_USER_PATHS = NO;
				CLANG_ANALYZER_NONNULL = YES;
				CLANG_ANALYZER_NUMBER_OBJECT_CONVERSION = YES_AGGRESSIVE;
				CLANG_CXX_LANGUAGE_STANDARD = "gnu++17";
				CLANG_ENABLE_MODULES = YES;
				CLANG_ENABLE_OBJC_ARC = YES;
				CLANG_ENABLE_OBJC_WEAK = YES;
				CLANG_WARN_BLOCK_CAPTURE_AUTORELEASING = YES;
				CLANG_WARN_BOOL_CONVERSION = YES;
				CLANG_WARN_COMMA = YES;
				CLANG_WARN_CONSTANT_CONVERSION = YES;
				CLANG_WARN_DEPRECATED_OBJC_IMPLEMENTATIONS = YES;
				CLANG_WARN_DIRECT_OBJC_ISA_USAGE = YES_ERROR;
				CLANG_WARN_DOCUMENTATION_COMMENTS = YES;
				CLANG_WARN_EMPTY_BODY = YES;
				CLANG_WARN_ENUM_CONVERSION = YES;
				CLANG_WARN_INFINITE_RECURSION = YES;
				CLANG_WARN_INT_CONVERSION = YES;
				CLANG_WARN_NON_LITERAL_NULL_CONVERSION = YES;
				CLANG_WARN_OBJC_IMPLICIT_RETAIN_SELF = YES;
				CLANG_WARN_OBJC_LITERAL_CONVERSION = YES;
				CLANG_WARN_OBJC_ROOT_CLASS = YES_ERROR;
				CLANG_WARN_QUOTED_INCLUDE_IN_FRAMEWORK_HEADER = YES;
				CLANG_WARN_RANGE_LOOP_ANALYSIS = YES;
				CLANG_WARN_STRICT_PROTOTYPES = YES;
				CLANG_WARN_SUSPICIOUS_MOVE = YES;
				CLANG_WARN_UNGUARDED_AVAILABILITY = YES_AGGRESSIVE;
				CLANG_WARN_UNREACHABLE_CODE = YES;
				CLANG_WARN__DUPLICATE_METHOD_MATCH = YES;
				COPY_PHASE_STRIP = NO;
				DEBUG_INFORMATION_FORMAT = "dwarf-with-dsym";
				ENABLE_NS_ASSERTIONS = NO;
				ENABLE_STRICT_OBJC_MSGSEND = YES;
				GCC_C_LANGUAGE_STANDARD = gnu11;
				GCC_NO_COMMON_BLOCKS = YES;
				GCC_WARN_64_TO_32_BIT_CONVERSION = YES;
				GCC_WARN_ABOUT_RETURN_TYPE = YES_ERROR;
				GCC_WARN_UNDECLARED_SELECTOR = YES;
				GCC_WARN_UNINITIALIZED_AUTOS = YES_AGGRESSIVE;
				GCC_WARN_UNUSED_FUNCTION = YES;
				GCC_WARN_UNUSED_VARIABLE = YES;
				IPHONEOS_DEPLOYMENT_TARGET = 15.5;
				MTL_ENABLE_DEBUG_INFO = NO;
				MTL_FAST_MATH = YES;
				SDKROOT = iphoneos;
				SWIFT_COMPILATION_MODE = wholemodule;
				SWIFT_OPTIMIZATION_LEVEL = "-O";
				VALIDATE_PRODUCT = YES;
			};
			name = Release;
		};
		258D937728BA5B3C00333FE8 /* Debug */ = {
			isa = XCBuildConfiguration;
			baseConfigurationReference = 346A4C41E35C253D6A263DC6 /* Pods-Currency Calculator.debug.xcconfig */;
			buildSettings = {
				ASSETCATALOG_COMPILER_APPICON_NAME = AppIcon;
				ASSETCATALOG_COMPILER_GLOBAL_ACCENT_COLOR_NAME = AccentColor;
				CODE_SIGN_STYLE = Automatic;
				CURRENT_PROJECT_VERSION = 1;
				DEVELOPMENT_TEAM = F5BJS4MMJH;
				GENERATE_INFOPLIST_FILE = YES;
				INFOPLIST_FILE = "Currency Calculator/Info.plist";
				INFOPLIST_KEY_UIApplicationSupportsIndirectInputEvents = YES;
				INFOPLIST_KEY_UILaunchStoryboardName = "Launch Screen";
				INFOPLIST_KEY_UIMainStoryboardFile = Main;
				INFOPLIST_KEY_UISupportedInterfaceOrientations_iPad = "UIInterfaceOrientationPortrait UIInterfaceOrientationPortraitUpsideDown UIInterfaceOrientationLandscapeLeft UIInterfaceOrientationLandscapeRight";
				INFOPLIST_KEY_UISupportedInterfaceOrientations_iPhone = "UIInterfaceOrientationPortrait UIInterfaceOrientationLandscapeLeft UIInterfaceOrientationLandscapeRight";
				IPHONEOS_DEPLOYMENT_TARGET = 15.5;
				LD_RUNPATH_SEARCH_PATHS = (
					"$(inherited)",
					"@executable_path/Frameworks",
				);
				MARKETING_VERSION = 1.0;
				PRODUCT_BUNDLE_IDENTIFIER = "davidtonoyan.Currency-Calculator";
				PRODUCT_NAME = "$(TARGET_NAME)";
				SWIFT_EMIT_LOC_STRINGS = YES;
				SWIFT_VERSION = 5.0;
				TARGETED_DEVICE_FAMILY = "1,2";
			};
			name = Debug;
		};
		258D937828BA5B3C00333FE8 /* Release */ = {
			isa = XCBuildConfiguration;
			baseConfigurationReference = 4714DED22D3BB728B535A7E4 /* Pods-Currency Calculator.release.xcconfig */;
			buildSettings = {
				ASSETCATALOG_COMPILER_APPICON_NAME = AppIcon;
				ASSETCATALOG_COMPILER_GLOBAL_ACCENT_COLOR_NAME = AccentColor;
				CODE_SIGN_STYLE = Automatic;
				CURRENT_PROJECT_VERSION = 1;
				DEVELOPMENT_TEAM = F5BJS4MMJH;
				GENERATE_INFOPLIST_FILE = YES;
				INFOPLIST_FILE = "Currency Calculator/Info.plist";
				INFOPLIST_KEY_UIApplicationSupportsIndirectInputEvents = YES;
				INFOPLIST_KEY_UILaunchStoryboardName = "Launch Screen";
				INFOPLIST_KEY_UIMainStoryboardFile = Main;
				INFOPLIST_KEY_UISupportedInterfaceOrientations_iPad = "UIInterfaceOrientationPortrait UIInterfaceOrientationPortraitUpsideDown UIInterfaceOrientationLandscapeLeft UIInterfaceOrientationLandscapeRight";
				INFOPLIST_KEY_UISupportedInterfaceOrientations_iPhone = "UIInterfaceOrientationPortrait UIInterfaceOrientationLandscapeLeft UIInterfaceOrientationLandscapeRight";
				IPHONEOS_DEPLOYMENT_TARGET = 15.5;
				LD_RUNPATH_SEARCH_PATHS = (
					"$(inherited)",
					"@executable_path/Frameworks",
				);
				MARKETING_VERSION = 1.0;
				PRODUCT_BUNDLE_IDENTIFIER = "davidtonoyan.Currency-Calculator";
				PRODUCT_NAME = "$(TARGET_NAME)";
				SWIFT_EMIT_LOC_STRINGS = YES;
				SWIFT_VERSION = 5.0;
				TARGETED_DEVICE_FAMILY = "1,2";
			};
			name = Release;
		};
/* End XCBuildConfiguration section */

/* Begin XCConfigurationList section */
		258D935D28BA5B3C00333FE8 /* Build configuration list for PBXProject "Currency Calculator" */ = {
			isa = XCConfigurationList;
			buildConfigurations = (
				258D937428BA5B3C00333FE8 /* Debug */,
				258D937528BA5B3C00333FE8 /* Release */,
			);
			defaultConfigurationIsVisible = 0;
			defaultConfigurationName = Release;
		};
		258D937628BA5B3C00333FE8 /* Build configuration list for PBXNativeTarget "Currency Calculator" */ = {
			isa = XCConfigurationList;
			buildConfigurations = (
				258D937728BA5B3C00333FE8 /* Debug */,
				258D937828BA5B3C00333FE8 /* Release */,
			);
			defaultConfigurationIsVisible = 0;
			defaultConfigurationName = Release;
		};
/* End XCConfigurationList section */
	};
	rootObject = 258D935A28BA5B3C00333FE8 /* Project object */;
}
